
Microsoft Visual Studio Solution File, Format Version 12.00
# Visual Studio Version 17
VisualStudioVersion = 17.9.34616.47
MinimumVisualStudioVersion = 10.0.40219.1
Project("{FAE04EC0-301F-11D3-BF4B-00C04F79EFBC}") = "ASPNETPractice", "ASPNETPractice\ASPNETPractice.csproj", "{DA139E65-A78C-4B4B-8C36-43275D760C79}"
EndProject
Global
	GlobalSection(SolutionConfigurationPlatforms) = preSolution
		Debug|Any CPU = Debug|Any CPU
		Release|Any CPU = Release|Any CPU
	EndGlobalSection
	GlobalSection(ProjectConfigurationPlatforms) = postSolution
		{DA139E65-A78C-4B4B-8C36-43275D760C79}.Debug|Any CPU.ActiveCfg = Debug|Any CPU
		{DA139E65-A78C-4B4B-8C36-43275D760C79}.Debug|Any CPU.Build.0 = Debug|Any CPU
		{DA139E65-A78C-4B4B-8C36-43275D760C79}.Release|Any CPU.ActiveCfg = Release|Any CPU
		{DA139E65-A78C-4B4B-8C36-43275D760C79}.Release|Any CPU.Build.0 = Release|Any CPU
	EndGlobalSection
	GlobalSection(SolutionProperties) = preSolution
		HideSolutionNode = FALSE
	EndGlobalSection
	GlobalSection(ExtensibilityGlobals) = postSolution
		SolutionGuid = {5E03DB2A-962A-46A7-AB45-9AC231C97CC7}
	EndGlobalSection
EndGlobal
