
Microsoft Visual Studio Solution File, Format Version 12.00
# Visual Studio Version 17
VisualStudioVersion = 17.9.34616.47
MinimumVisualStudioVersion = 10.0.40219.1
Project("{FAE04EC0-301F-11D3-BF4B-00C04F79EFBC}") = "CV4Databaze", "CV4Databaze\CV4Databaze.csproj", "{E54DEFA0-9BEB-4D78-81D6-5EBB5DAA007E}"
EndProject
Global
	GlobalSection(SolutionConfigurationPlatforms) = preSolution
		Debug|Any CPU = Debug|Any CPU
		Release|Any CPU = Release|Any CPU
	EndGlobalSection
	GlobalSection(ProjectConfigurationPlatforms) = postSolution
		{E54DEFA0-9BEB-4D78-81D6-5EBB5DAA007E}.Debug|Any CPU.ActiveCfg = Debug|Any CPU
		{E54DEFA0-9BEB-4D78-81D6-5EBB5DAA007E}.Debug|Any CPU.Build.0 = Debug|Any CPU
		{E54DEFA0-9BEB-4D78-81D6-5EBB5DAA007E}.Release|Any CPU.ActiveCfg = Release|Any CPU
		{E54DEFA0-9BEB-4D78-81D6-5EBB5DAA007E}.Release|Any CPU.Build.0 = Release|Any CPU
	EndGlobalSection
	GlobalSection(SolutionProperties) = preSolution
		HideSolutionNode = FALSE
	EndGlobalSection
	GlobalSection(ExtensibilityGlobals) = postSolution
		SolutionGuid = {85560AD1-59F6-4DA8-A7F1-84C0F36E623D}
	EndGlobalSection
EndGlobal
